// !$*UTF8*$!
{
	archiveVersion = 1;
	classes = {
	};
	objectVersion = 50;
	objects = {

/* Begin PBXBuildFile section */
		03B75C64DD296F65D413F632EB5A0716 /* FrameViewController.swift in Sources */ = {isa = PBXBuildFile; fileRef = 6CD50E89920DE9848F4D1764B39EF917 /* FrameViewController.swift */; };
		03B88D483B05A376A62AE4B9511FA919 /* CharacterCell.swift in Sources */ = {isa = PBXBuildFile; fileRef = B96214C3BFA3C3CD794C50E1F64890F7 /* CharacterCell.swift */; };
		119CAC46E550BC1DCBA29346 /* Pods_StreetFighterV.framework in Frameworks */ = {isa = PBXBuildFile; fileRef = 5ACAFFE4E7DFC7EC68CFFF80 /* Pods_StreetFighterV.framework */; };
		12A0539C1B9C290F80FB6AB3251B0D13 /* FirebaseAction.swift in Sources */ = {isa = PBXBuildFile; fileRef = 09970DF6E1AC26E91A0D75BD7819F0FA /* FirebaseAction.swift */; };
		2324F46FE2E9F416859B6D0CCB1E415A /* Launch Screen.storyboard in Resources */ = {isa = PBXBuildFile; fileRef = 6F8D81E0BD81DDFEE69565186E0F66E9 /* Launch Screen.storyboard */; };
		2AF655593B20F2A6CEAB85C3DA841DFE /* Color.swift in Sources */ = {isa = PBXBuildFile; fileRef = 861F740B23713059A376DE661811E6D4 /* Color.swift */; };
		35DB56B5A6945C8B7AEEAE34359B85D2 /* Assets.xcassets in Resources */ = {isa = PBXBuildFile; fileRef = DC9F29E106DC3D00D9E3C29EAD3B90FD /* Assets.xcassets */; };
		3AADA9F2385CE8267B075AA5B4F53160 /* Localized.swift in Sources */ = {isa = PBXBuildFile; fileRef = 473B17906CDE0CE562AF20453F294F0C /* Localized.swift */; };
		46BAF9C5828B5933857DE9F0FB730E41 /* Logger.swift in Sources */ = {isa = PBXBuildFile; fileRef = F8718BB7CC13CBF565CB76767F18250D /* Logger.swift */; };
		545685C7E62B0F3C967061EA243D94B0 /* FrameCell.swift in Sources */ = {isa = PBXBuildFile; fileRef = AC292519B75BF549184D0126E620B8AF /* FrameCell.swift */; };
		54A93C35D764A6D307CB6D6802122FAC /* SelectionStore.swift in Sources */ = {isa = PBXBuildFile; fileRef = E25BD849F7DFE648989FD544F97C3412 /* SelectionStore.swift */; };
		5B708C787F6A2D2D34E0BEE26FCD4505 /* CharacterAction.swift in Sources */ = {isa = PBXBuildFile; fileRef = 84803286CC6BCB332C299FDA71EFA3D7 /* CharacterAction.swift */; };
		68ECC500DC177F0BB29B98EBC18F4BEE /* GoogleService-Info.plist in Resources */ = {isa = PBXBuildFile; fileRef = 16A1242120D90AFE34B6226747175F54 /* GoogleService-Info.plist */; };
		7961622CB40922C832ED565D8F9EC93F /* UIColorExtension.swift in Sources */ = {isa = PBXBuildFile; fileRef = 7BC460B20C5473E8F31C34051501DB34 /* UIColorExtension.swift */; };
		7AD54EC46769637717CAC5F9B48ED4A9 /* SelectionAction.swift in Sources */ = {isa = PBXBuildFile; fileRef = D71B67BEF28590314AC7AAB389E06048 /* SelectionAction.swift */; };
		808EFA74F2DE737542A1A0214C790DF4 /* SequenceExtension.swift in Sources */ = {isa = PBXBuildFile; fileRef = 79380763D81A25937564B58488704B44 /* SequenceExtension.swift */; };
		860BA007683B67594F8DC3C5835A1424 /* ImageAssets.swift in Sources */ = {isa = PBXBuildFile; fileRef = B020E593660966234556D8620E42CC01 /* ImageAssets.swift */; };
		8674E1029B7773276E40AD2A37D138B7 /* ChangeSetCell.swift in Sources */ = {isa = PBXBuildFile; fileRef = 7B45AFA5B2F33D37298F04DF75EDD5C5 /* ChangeSetCell.swift */; };
		89B4BE532929185C0A31E547359E4454 /* SplashViewModel.swift in Sources */ = {isa = PBXBuildFile; fileRef = 5C374580A260F85A208CC0D982A06E5A /* SplashViewModel.swift */; };
		8E015A39A27034F68980994642359671 /* CharacterStore.swift in Sources */ = {isa = PBXBuildFile; fileRef = 592469194F106AF324E800794A567B2D /* CharacterStore.swift */; };
		924C9C653F6B826DBE40032E8B9EDA09 /* Set.swift in Sources */ = {isa = PBXBuildFile; fileRef = F037D98CE814723DA2D944D6F741FC8B /* Set.swift */; };
		942B9FA9BF082FD871037286C7F3B01B /* FrameViewModel.swift in Sources */ = {isa = PBXBuildFile; fileRef = EB0750E9F9A1C032266F36BDEAB91193 /* FrameViewModel.swift */; };
		AE0351B8750B185A96A7CD6585A59680 /* LanguageCode.swift in Sources */ = {isa = PBXBuildFile; fileRef = 0F31D357BA37F2044211865327228F7B /* LanguageCode.swift */; };
		B2B72E993B8CBC822159E5ED761B154B /* CharacterViewModel.swift in Sources */ = {isa = PBXBuildFile; fileRef = 5BFD44CCB06DC05E68BC5920AFF02D01 /* CharacterViewModel.swift */; };
		B9D8E5ECB9A09037FAA582B75707348C /* CharacterViewDataSource.swift in Sources */ = {isa = PBXBuildFile; fileRef = 5BE36FC3BFDEF87BD01358EF162995DA /* CharacterViewDataSource.swift */; };
		BC2B6ACF93428587B62F83D9950DB6A5 /* Main.storyboard in Resources */ = {isa = PBXBuildFile; fileRef = 65ECE08A49B72B7C558ADCFA4102E7C4 /* Main.storyboard */; };
		BEB8844ADED2AAC5765666D83900D10A /* Localizable.strings in Resources */ = {isa = PBXBuildFile; fileRef = 5362ECAB09CDAED6E12BB7DC4AEBA967 /* Localizable.strings */; };
		C257C3A2AEB47CC49855C8D5E9176F4D /* GoogleService-Info.Release.plist in Resources */ = {isa = PBXBuildFile; fileRef = D4DA8DDAB93BCD505EEABA748A033AE6 /* GoogleService-Info.Release.plist */; };
		C90210C3AAEA2E39AF831FBC4A10EB48 /* SplashViewController.swift in Sources */ = {isa = PBXBuildFile; fileRef = ECE53734B2E214DC0D9696E89F384331 /* SplashViewController.swift */; };
		CA1B0B076600034EA80B832A41C3E27F /* FrameCellItem.swift in Sources */ = {isa = PBXBuildFile; fileRef = 413E3FEFFAF1E8C1EB422792F285C7EE /* FrameCellItem.swift */; };
		CB556B057AFBA101EBEE319817A2706A /* GoogleService-Info.Debug.plist in Resources */ = {isa = PBXBuildFile; fileRef = 6FF1F63547D0B8D06E96C2CCCD98A8F7 /* GoogleService-Info.Debug.plist */; };
		CCD96AAB02682753AEDC4BF21C81C451 /* Character.swift in Sources */ = {isa = PBXBuildFile; fileRef = A12A5AFCAFA34A40F31F2AB702360036 /* Character.swift */; };
		E532AEDBC798C8576B1993D9BAC52BA0 /* CharacterViewController.swift in Sources */ = {isa = PBXBuildFile; fileRef = 6FF4B005E106692E49B9CC1EF0FB2B0F /* CharacterViewController.swift */; };
		E5641FEE75EA33B43043AEE56DEAF0A0 /* AppDelegate.swift in Sources */ = {isa = PBXBuildFile; fileRef = 8F31F1CA555592301B9D968D7D0DE1E4 /* AppDelegate.swift */; };
		E6D437F96E7AFBF68BE075D3DD414EC2 /* FrameViewDataSource.swift in Sources */ = {isa = PBXBuildFile; fileRef = 206DA2FC366D94F41D3FE3CDE6C0E102 /* FrameViewDataSource.swift */; };
		F9B03BEED3F2271B92DB37145BA43A8A /* CollectionExtension.swift in Sources */ = {isa = PBXBuildFile; fileRef = 52C305FEA006C51F5CB2B2DB503D65CB /* CollectionExtension.swift */; };
		FA689BE8C80972ABF62D8F3B95595AF4 /* Move.swift in Sources */ = {isa = PBXBuildFile; fileRef = 835CFCFE1B3B17A552F48A648ADB5DAE /* Move.swift */; };
/* End PBXBuildFile section */

/* Begin PBXFileReference section */
		09970DF6E1AC26E91A0D75BD7819F0FA /* FirebaseAction.swift */ = {isa = PBXFileReference; lastKnownFileType = sourcecode.swift; path = FirebaseAction.swift; sourceTree = "<group>"; };
		0F31D357BA37F2044211865327228F7B /* LanguageCode.swift */ = {isa = PBXFileReference; lastKnownFileType = sourcecode.swift; path = LanguageCode.swift; sourceTree = "<group>"; };
		16A1242120D90AFE34B6226747175F54 /* GoogleService-Info.plist */ = {isa = PBXFileReference; lastKnownFileType = text.plist.xml; path = "GoogleService-Info.plist"; sourceTree = "<group>"; };
		16DB0F7C8F5917BBBADA6B89A5F20625 /* Config.Release.xcconfig */ = {isa = PBXFileReference; lastKnownFileType = text.xcconfig; path = Config.Release.xcconfig; sourceTree = "<group>"; };
		206DA2FC366D94F41D3FE3CDE6C0E102 /* FrameViewDataSource.swift */ = {isa = PBXFileReference; lastKnownFileType = sourcecode.swift; path = FrameViewDataSource.swift; sourceTree = "<group>"; };
		413E3FEFFAF1E8C1EB422792F285C7EE /* FrameCellItem.swift */ = {isa = PBXFileReference; lastKnownFileType = sourcecode.swift; path = FrameCellItem.swift; sourceTree = "<group>"; };
		43D8D8EBC4FADFFB60BB63DBA919D1BA /* Base */ = {isa = PBXFileReference; lastKnownFileType = file.storyboard; name = Base; path = Base.lproj/Main.storyboard; sourceTree = "<group>"; };
		473B17906CDE0CE562AF20453F294F0C /* Localized.swift */ = {isa = PBXFileReference; lastKnownFileType = sourcecode.swift; path = Localized.swift; sourceTree = "<group>"; };
		52C305FEA006C51F5CB2B2DB503D65CB /* CollectionExtension.swift */ = {isa = PBXFileReference; lastKnownFileType = sourcecode.swift; path = CollectionExtension.swift; sourceTree = "<group>"; };
		592469194F106AF324E800794A567B2D /* CharacterStore.swift */ = {isa = PBXFileReference; lastKnownFileType = sourcecode.swift; path = CharacterStore.swift; sourceTree = "<group>"; };
		5ACAFFE4E7DFC7EC68CFFF80 /* Pods_StreetFighterV.framework */ = {isa = PBXFileReference; explicitFileType = wrapper.framework; includeInIndex = 0; path = Pods_StreetFighterV.framework; sourceTree = BUILT_PRODUCTS_DIR; };
		5BE36FC3BFDEF87BD01358EF162995DA /* CharacterViewDataSource.swift */ = {isa = PBXFileReference; lastKnownFileType = sourcecode.swift; path = CharacterViewDataSource.swift; sourceTree = "<group>"; };
		5BFD44CCB06DC05E68BC5920AFF02D01 /* CharacterViewModel.swift */ = {isa = PBXFileReference; lastKnownFileType = sourcecode.swift; path = CharacterViewModel.swift; sourceTree = "<group>"; };
		5C374580A260F85A208CC0D982A06E5A /* SplashViewModel.swift */ = {isa = PBXFileReference; lastKnownFileType = sourcecode.swift; path = SplashViewModel.swift; sourceTree = "<group>"; };
		62A76360FED3FF8BA58D3B9F6A3AA8F7 /* en */ = {isa = PBXFileReference; lastKnownFileType = text.plist.strings; name = en; path = en.lproj/Localizable.strings; sourceTree = "<group>"; };
		6CD50E89920DE9848F4D1764B39EF917 /* FrameViewController.swift */ = {isa = PBXFileReference; lastKnownFileType = sourcecode.swift; path = FrameViewController.swift; sourceTree = "<group>"; };
		6F8D81E0BD81DDFEE69565186E0F66E9 /* Launch Screen.storyboard */ = {isa = PBXFileReference; lastKnownFileType = file.storyboard; path = "Launch Screen.storyboard"; sourceTree = "<group>"; };
		6FF1F63547D0B8D06E96C2CCCD98A8F7 /* GoogleService-Info.Debug.plist */ = {isa = PBXFileReference; lastKnownFileType = text.plist.xml; path = "GoogleService-Info.Debug.plist"; sourceTree = "<group>"; };
		6FF4B005E106692E49B9CC1EF0FB2B0F /* CharacterViewController.swift */ = {isa = PBXFileReference; lastKnownFileType = sourcecode.swift; path = CharacterViewController.swift; sourceTree = "<group>"; };
		79380763D81A25937564B58488704B44 /* SequenceExtension.swift */ = {isa = PBXFileReference; lastKnownFileType = sourcecode.swift; path = SequenceExtension.swift; sourceTree = "<group>"; };
		7B45AFA5B2F33D37298F04DF75EDD5C5 /* ChangeSetCell.swift */ = {isa = PBXFileReference; lastKnownFileType = sourcecode.swift; path = ChangeSetCell.swift; sourceTree = "<group>"; };
		7BC460B20C5473E8F31C34051501DB34 /* UIColorExtension.swift */ = {isa = PBXFileReference; lastKnownFileType = sourcecode.swift; path = UIColorExtension.swift; sourceTree = "<group>"; };
		835CFCFE1B3B17A552F48A648ADB5DAE /* Move.swift */ = {isa = PBXFileReference; lastKnownFileType = sourcecode.swift; path = Move.swift; sourceTree = "<group>"; };
		84803286CC6BCB332C299FDA71EFA3D7 /* CharacterAction.swift */ = {isa = PBXFileReference; lastKnownFileType = sourcecode.swift; path = CharacterAction.swift; sourceTree = "<group>"; };
		861F740B23713059A376DE661811E6D4 /* Color.swift */ = {isa = PBXFileReference; lastKnownFileType = sourcecode.swift; path = Color.swift; sourceTree = "<group>"; };
		8F31F1CA555592301B9D968D7D0DE1E4 /* AppDelegate.swift */ = {isa = PBXFileReference; lastKnownFileType = sourcecode.swift; path = AppDelegate.swift; sourceTree = "<group>"; };
		A12A5AFCAFA34A40F31F2AB702360036 /* Character.swift */ = {isa = PBXFileReference; lastKnownFileType = sourcecode.swift; path = Character.swift; sourceTree = "<group>"; };
		AC292519B75BF549184D0126E620B8AF /* FrameCell.swift */ = {isa = PBXFileReference; lastKnownFileType = sourcecode.swift; path = FrameCell.swift; sourceTree = "<group>"; };
		B020E593660966234556D8620E42CC01 /* ImageAssets.swift */ = {isa = PBXFileReference; lastKnownFileType = sourcecode.swift; path = ImageAssets.swift; sourceTree = "<group>"; };
		B4A1297012EAD03999581788FADA63BB /* Info.plist */ = {isa = PBXFileReference; lastKnownFileType = text.plist.xml; path = Info.plist; sourceTree = "<group>"; };
		B96214C3BFA3C3CD794C50E1F64890F7 /* CharacterCell.swift */ = {isa = PBXFileReference; lastKnownFileType = sourcecode.swift; path = CharacterCell.swift; sourceTree = "<group>"; };
		D4DA8DDAB93BCD505EEABA748A033AE6 /* GoogleService-Info.Release.plist */ = {isa = PBXFileReference; lastKnownFileType = text.plist.xml; path = "GoogleService-Info.Release.plist"; sourceTree = "<group>"; };
		D71B67BEF28590314AC7AAB389E06048 /* SelectionAction.swift */ = {isa = PBXFileReference; lastKnownFileType = sourcecode.swift; path = SelectionAction.swift; sourceTree = "<group>"; };
		DAE6B7C949C760CC1123F10FEF60DD4F /* StreetFighterV.app */ = {isa = PBXFileReference; includeInIndex = 0; lastKnownFileType = wrapper.application; path = StreetFighterV.app; sourceTree = BUILT_PRODUCTS_DIR; };
		DC9F29E106DC3D00D9E3C29EAD3B90FD /* Assets.xcassets */ = {isa = PBXFileReference; lastKnownFileType = folder.assetcatalog; path = Assets.xcassets; sourceTree = "<group>"; };
		E25BD849F7DFE648989FD544F97C3412 /* SelectionStore.swift */ = {isa = PBXFileReference; lastKnownFileType = sourcecode.swift; path = SelectionStore.swift; sourceTree = "<group>"; };
		EB0750E9F9A1C032266F36BDEAB91193 /* FrameViewModel.swift */ = {isa = PBXFileReference; lastKnownFileType = sourcecode.swift; path = FrameViewModel.swift; sourceTree = "<group>"; };
		ECE53734B2E214DC0D9696E89F384331 /* SplashViewController.swift */ = {isa = PBXFileReference; lastKnownFileType = sourcecode.swift; path = SplashViewController.swift; sourceTree = "<group>"; };
		EDAF4B88B67269494E57D8448F6DC9B6 /* Config.Debug.xcconfig */ = {isa = PBXFileReference; lastKnownFileType = text.xcconfig; path = Config.Debug.xcconfig; sourceTree = "<group>"; };
		F037D98CE814723DA2D944D6F741FC8B /* Set.swift */ = {isa = PBXFileReference; lastKnownFileType = sourcecode.swift; path = Set.swift; sourceTree = "<group>"; };
		F3E7B5B2DEC74B4DD0E68D3D0746A7D6 /* ja */ = {isa = PBXFileReference; lastKnownFileType = text.plist.strings; name = ja; path = ja.lproj/Localizable.strings; sourceTree = "<group>"; };
		F8718BB7CC13CBF565CB76767F18250D /* Logger.swift */ = {isa = PBXFileReference; lastKnownFileType = sourcecode.swift; path = Logger.swift; sourceTree = "<group>"; };
/* End PBXFileReference section */

/* Begin PBXFrameworksBuildPhase section */
		87946797E2DEBD5A5385B607 /* Frameworks */ = {
			isa = PBXFrameworksBuildPhase;
			buildActionMask = 2147483647;
			files = (
				119CAC46E550BC1DCBA29346 /* Pods_StreetFighterV.framework in Frameworks */,
			);
			runOnlyForDeploymentPostprocessing = 0;
		};
/* End PBXFrameworksBuildPhase section */

/* Begin PBXGroup section */
		039C257D5B04B75DD311493E9F56DC47 /* Entity */ = {
			isa = PBXGroup;
			children = (
				A12A5AFCAFA34A40F31F2AB702360036 /* Character.swift */,
				835CFCFE1B3B17A552F48A648ADB5DAE /* Move.swift */,
				F037D98CE814723DA2D944D6F741FC8B /* Set.swift */,
			);
			path = Entity;
			sourceTree = "<group>";
		};
		03C4C6E27D24AF842DC3900D1B8B3B79 /* ViewModel */ = {
			isa = PBXGroup;
			children = (
				413E3FEFFAF1E8C1EB422792F285C7EE /* FrameCellItem.swift */,
			);
			path = ViewModel;
			sourceTree = "<group>";
		};
		0F0510A284B11A51D503BE2E467A6014 /* Character */ = {
			isa = PBXGroup;
			children = (
				6FF4B005E106692E49B9CC1EF0FB2B0F /* CharacterViewController.swift */,
				5BE36FC3BFDEF87BD01358EF162995DA /* CharacterViewDataSource.swift */,
				5BFD44CCB06DC05E68BC5920AFF02D01 /* CharacterViewModel.swift */,
			);
			path = Character;
			sourceTree = "<group>";
		};
		107BDCA31A767DB3FFEAB27113551D72 /* Products */ = {
			isa = PBXGroup;
			children = (
				DAE6B7C949C760CC1123F10FEF60DD4F /* StreetFighterV.app */,
			);
			name = Products;
			sourceTree = "<group>";
		};
		10D5788F9FF6799204E520A059B7F21D /* Controller */ = {
			isa = PBXGroup;
			children = (
				0F0510A284B11A51D503BE2E467A6014 /* Character */,
				D76BC2AA7548C1057559F8260201231A /* Frame */,
				FC32F7E3792459E885E54308BAEB7189 /* Splash */,
			);
			path = Controller;
			sourceTree = "<group>";
		};
		651CCE114CB5FA0140C9D85220351ACE /* Store */ = {
			isa = PBXGroup;
			children = (
				592469194F106AF324E800794A567B2D /* CharacterStore.swift */,
				E25BD849F7DFE648989FD544F97C3412 /* SelectionStore.swift */,
			);
			path = Store;
			sourceTree = "<group>";
		};
		6629B95AC1A3C2C5DB749482D0FE35A3 /* Assets */ = {
			isa = PBXGroup;
			children = (
				861F740B23713059A376DE661811E6D4 /* Color.swift */,
				B020E593660966234556D8620E42CC01 /* ImageAssets.swift */,
				473B17906CDE0CE562AF20453F294F0C /* Localized.swift */,
			);
			path = Assets;
			sourceTree = "<group>";
		};
		99958A573F31A73AC780758D4EFE11FA /* Sources */ = {
			isa = PBXGroup;
			children = (
				8F31F1CA555592301B9D968D7D0DE1E4 /* AppDelegate.swift */,
				65ECE08A49B72B7C558ADCFA4102E7C4 /* Main.storyboard */,
				F64300E954B5CA710F42F805DAA56EDC /* Action */,
				6629B95AC1A3C2C5DB749482D0FE35A3 /* Assets */,
				10D5788F9FF6799204E520A059B7F21D /* Controller */,
				039C257D5B04B75DD311493E9F56DC47 /* Entity */,
				651CCE114CB5FA0140C9D85220351ACE /* Store */,
				ABAC4AB80A259338B1952B1CC960BA5B /* Utility */,
				9C685EAD6DA9E0B9133660B6DF6BB2DC /* ValueObject */,
				BC3A76931150E5F958BFADD91300FB40 /* View */,
				03C4C6E27D24AF842DC3900D1B8B3B79 /* ViewModel */,
			);
			path = Sources;
			sourceTree = "<group>";
		};
		9C685EAD6DA9E0B9133660B6DF6BB2DC /* ValueObject */ = {
			isa = PBXGroup;
			children = (
				0F31D357BA37F2044211865327228F7B /* LanguageCode.swift */,
			);
			path = ValueObject;
			sourceTree = "<group>";
		};
		A5000E3DA597C7006BCFF5472C466036 /* GoogleService */ = {
			isa = PBXGroup;
			children = (
				6FF1F63547D0B8D06E96C2CCCD98A8F7 /* GoogleService-Info.Debug.plist */,
				16A1242120D90AFE34B6226747175F54 /* GoogleService-Info.plist */,
				D4DA8DDAB93BCD505EEABA748A033AE6 /* GoogleService-Info.Release.plist */,
			);
			path = GoogleService;
			sourceTree = "<group>";
		};
		A58C69162C85F6866D4F26C740E39B07 = {
			isa = PBXGroup;
			children = (
				BC931C5C92B9159A2D8B0A6569F01884 /* StreetFighterV */,
				107BDCA31A767DB3FFEAB27113551D72 /* Products */,
				DD50860F33F48FAA0994BD62 /* Pods */,
				C76E6B61175E0AA0FE749589 /* Frameworks */,
			);
			sourceTree = "<group>";
		};
		ABAC4AB80A259338B1952B1CC960BA5B /* Utility */ = {
			isa = PBXGroup;
			children = (
				52C305FEA006C51F5CB2B2DB503D65CB /* CollectionExtension.swift */,
				F8718BB7CC13CBF565CB76767F18250D /* Logger.swift */,
				79380763D81A25937564B58488704B44 /* SequenceExtension.swift */,
				7BC460B20C5473E8F31C34051501DB34 /* UIColorExtension.swift */,
			);
			path = Utility;
			sourceTree = "<group>";
		};
		BC3A76931150E5F958BFADD91300FB40 /* View */ = {
			isa = PBXGroup;
			children = (
				7B45AFA5B2F33D37298F04DF75EDD5C5 /* ChangeSetCell.swift */,
				B96214C3BFA3C3CD794C50E1F64890F7 /* CharacterCell.swift */,
				AC292519B75BF549184D0126E620B8AF /* FrameCell.swift */,
			);
			path = View;
			sourceTree = "<group>";
		};
		BC931C5C92B9159A2D8B0A6569F01884 /* StreetFighterV */ = {
			isa = PBXGroup;
			children = (
				F2CDDF1FD84D97B82D5B30C455741483 /* Resources */,
				99958A573F31A73AC780758D4EFE11FA /* Sources */,
			);
			path = StreetFighterV;
			sourceTree = "<group>";
		};
		C76E6B61175E0AA0FE749589 /* Frameworks */ = {
			isa = PBXGroup;
			children = (
				5ACAFFE4E7DFC7EC68CFFF80 /* Pods_StreetFighterV.framework */,
			);
			name = Frameworks;
			sourceTree = "<group>";
		};
		D76BC2AA7548C1057559F8260201231A /* Frame */ = {
			isa = PBXGroup;
			children = (
				6CD50E89920DE9848F4D1764B39EF917 /* FrameViewController.swift */,
				206DA2FC366D94F41D3FE3CDE6C0E102 /* FrameViewDataSource.swift */,
				EB0750E9F9A1C032266F36BDEAB91193 /* FrameViewModel.swift */,
			);
			path = Frame;
			sourceTree = "<group>";
		};
		DD50860F33F48FAA0994BD62 /* Pods */ = {
			isa = PBXGroup;
			children = (
			);
			name = Pods;
			sourceTree = "<group>";
		};
		EA032F91CCCF8E6F4EB3B82D6E8B713E /* Config */ = {
			isa = PBXGroup;
			children = (
				EDAF4B88B67269494E57D8448F6DC9B6 /* Config.Debug.xcconfig */,
				16DB0F7C8F5917BBBADA6B89A5F20625 /* Config.Release.xcconfig */,
			);
			path = Config;
			sourceTree = "<group>";
		};
		F2CDDF1FD84D97B82D5B30C455741483 /* Resources */ = {
			isa = PBXGroup;
			children = (
				DC9F29E106DC3D00D9E3C29EAD3B90FD /* Assets.xcassets */,
				B4A1297012EAD03999581788FADA63BB /* Info.plist */,
				6F8D81E0BD81DDFEE69565186E0F66E9 /* Launch Screen.storyboard */,
				5362ECAB09CDAED6E12BB7DC4AEBA967 /* Localizable.strings */,
				EA032F91CCCF8E6F4EB3B82D6E8B713E /* Config */,
				A5000E3DA597C7006BCFF5472C466036 /* GoogleService */,
			);
			path = Resources;
			sourceTree = "<group>";
		};
		F64300E954B5CA710F42F805DAA56EDC /* Action */ = {
			isa = PBXGroup;
			children = (
				84803286CC6BCB332C299FDA71EFA3D7 /* CharacterAction.swift */,
				09970DF6E1AC26E91A0D75BD7819F0FA /* FirebaseAction.swift */,
				D71B67BEF28590314AC7AAB389E06048 /* SelectionAction.swift */,
			);
			path = Action;
			sourceTree = "<group>";
		};
		FC32F7E3792459E885E54308BAEB7189 /* Splash */ = {
			isa = PBXGroup;
			children = (
				ECE53734B2E214DC0D9696E89F384331 /* SplashViewController.swift */,
				5C374580A260F85A208CC0D982A06E5A /* SplashViewModel.swift */,
			);
			path = Splash;
			sourceTree = "<group>";
		};
/* End PBXGroup section */

/* Begin PBXNativeTarget section */
		16718404124DC5DB2A6335F3836E20CC /* StreetFighterV */ = {
			isa = PBXNativeTarget;
			buildConfigurationList = 0CE2F063FC9F659423EA7BCA3E2AB669 /* Build configuration list for PBXNativeTarget "StreetFighterV" */;
			buildPhases = (
				101AD338AE128720C7B9590E /* [CP] Check Pods Manifest.lock */,
				A60B91B0E4F32B2716363DFB89A70C09 /* SwiftGen Run Script */,
				E7F51F6503F85F339361C3E0AC83E346 /* GoogleService-Info.plist */,
				F6307C6425EAD101F49C8E89EDF69360 /* Sources */,
				007D5418DEAC648A158674CC7AB931AF /* Resources */,
				61E9CBC98A2574DBC22F187058D24957 /* Fabric Run Script */,
				87946797E2DEBD5A5385B607 /* Frameworks */,
				DD334FB4FCFA630A23195569 /* [CP] Embed Pods Frameworks */,
			);
			buildRules = (
			);
			dependencies = (
			);
			name = StreetFighterV;
			productName = StreetFighterV;
			productReference = DAE6B7C949C760CC1123F10FEF60DD4F /* StreetFighterV.app */;
			productType = "com.apple.product-type.application";
		};
/* End PBXNativeTarget section */

/* Begin PBXProject section */
		C906A3F438C69D2FA9447AA9B468FFED /* Project object */ = {
			isa = PBXProject;
			attributes = {
				LastUpgradeCheck = 1020;
				TargetAttributes = {
					16718404124DC5DB2A6335F3836E20CC = {
						DevelopmentTeam = HKDHURHY83;
						ProvisioningStyle = Automatic;
					};
				};
			};
			buildConfigurationList = E3C6778D9BD5607F2399188942047FB3 /* Build configuration list for PBXProject "StreetFighterV" */;
			compatibilityVersion = "Xcode 9.3";
			developmentRegion = en;
			hasScannedForEncodings = 0;
			knownRegions = (
				Base,
				en,
				ja,
			);
			mainGroup = A58C69162C85F6866D4F26C740E39B07;
			productRefGroup = 107BDCA31A767DB3FFEAB27113551D72 /* Products */;
			projectDirPath = "";
			projectRoot = "";
			targets = (
				16718404124DC5DB2A6335F3836E20CC /* StreetFighterV */,
			);
		};
/* End PBXProject section */

/* Begin PBXResourcesBuildPhase section */
		007D5418DEAC648A158674CC7AB931AF /* Resources */ = {
			isa = PBXResourcesBuildPhase;
			buildActionMask = 2147483647;
			files = (
				35DB56B5A6945C8B7AEEAE34359B85D2 /* Assets.xcassets in Resources */,
				CB556B057AFBA101EBEE319817A2706A /* GoogleService-Info.Debug.plist in Resources */,
				C257C3A2AEB47CC49855C8D5E9176F4D /* GoogleService-Info.Release.plist in Resources */,
				68ECC500DC177F0BB29B98EBC18F4BEE /* GoogleService-Info.plist in Resources */,
				2324F46FE2E9F416859B6D0CCB1E415A /* Launch Screen.storyboard in Resources */,
				BEB8844ADED2AAC5765666D83900D10A /* Localizable.strings in Resources */,
				BC2B6ACF93428587B62F83D9950DB6A5 /* Main.storyboard in Resources */,
			);
			runOnlyForDeploymentPostprocessing = 0;
		};
/* End PBXResourcesBuildPhase section */

/* Begin PBXShellScriptBuildPhase section */
		101AD338AE128720C7B9590E /* [CP] Check Pods Manifest.lock */ = {
			isa = PBXShellScriptBuildPhase;
			buildActionMask = 2147483647;
			files = (
			);
			inputFileListPaths = (
			);
			inputPaths = (
				"${PODS_PODFILE_DIR_PATH}/Podfile.lock",
				"${PODS_ROOT}/Manifest.lock",
			);
			name = "[CP] Check Pods Manifest.lock";
			outputFileListPaths = (
			);
			outputPaths = (
				"$(DERIVED_FILE_DIR)/Pods-StreetFighterV-checkManifestLockResult.txt",
			);
			runOnlyForDeploymentPostprocessing = 0;
			shellPath = /bin/sh;
			shellScript = "diff \"${PODS_PODFILE_DIR_PATH}/Podfile.lock\" \"${PODS_ROOT}/Manifest.lock\" > /dev/null\nif [ $? != 0 ] ; then\n    # print error to STDERR\n    echo \"error: The sandbox is not in sync with the Podfile.lock. Run 'pod install' or update your CocoaPods installation.\" >&2\n    exit 1\nfi\n# This output is used by Xcode 'outputs' to avoid re-running this script phase.\necho \"SUCCESS\" > \"${SCRIPT_OUTPUT_FILE_0}\"\n";
			showEnvVarsInLog = 0;
		};
		61E9CBC98A2574DBC22F187058D24957 /* Fabric Run Script */ = {
			isa = PBXShellScriptBuildPhase;
			buildActionMask = 2147483647;
			files = (
			);
			inputFileListPaths = (
			);
			inputPaths = (
			);
			name = "Fabric Run Script";
			outputFileListPaths = (
			);
			outputPaths = (
			);
			runOnlyForDeploymentPostprocessing = 0;
			shellPath = /bin/sh;
			shellScript = "./scripts/fabric.sh\n";
		};
		A60B91B0E4F32B2716363DFB89A70C09 /* SwiftGen Run Script */ = {
			isa = PBXShellScriptBuildPhase;
			buildActionMask = 2147483647;
			files = (
			);
			inputFileListPaths = (
			);
			inputPaths = (
			);
			name = "SwiftGen Run Script";
			outputFileListPaths = (
			);
			outputPaths = (
			);
			runOnlyForDeploymentPostprocessing = 0;
			shellPath = /bin/sh;
			shellScript = "$PODS_ROOT/SwiftGen/bin/swiftgen\n";
		};
		DD334FB4FCFA630A23195569 /* [CP] Embed Pods Frameworks */ = {
			isa = PBXShellScriptBuildPhase;
			buildActionMask = 2147483647;
			files = (
			);
			inputFileListPaths = (
			);
			inputPaths = (
				"${SRCROOT}/Pods/Target Support Files/Pods-StreetFighterV/Pods-StreetFighterV-frameworks.sh",
				"${BUILT_PRODUCTS_DIR}/BoringSSL/openssl.framework",
				"${BUILT_PRODUCTS_DIR}/GTMSessionFetcher/GTMSessionFetcher.framework",
				"${BUILT_PRODUCTS_DIR}/GoogleUtilities/GoogleUtilities.framework",
				"${BUILT_PRODUCTS_DIR}/NVActivityIndicatorView/NVActivityIndicatorView.framework",
				"${BUILT_PRODUCTS_DIR}/Protobuf/Protobuf.framework",
				"${BUILT_PRODUCTS_DIR}/SpreadsheetView/SpreadsheetView.framework",
				"${BUILT_PRODUCTS_DIR}/gRPC/GRPCClient.framework",
				"${BUILT_PRODUCTS_DIR}/gRPC-C++/grpcpp.framework",
				"${BUILT_PRODUCTS_DIR}/gRPC-Core/grpc.framework",
				"${BUILT_PRODUCTS_DIR}/gRPC-ProtoRPC/ProtoRPC.framework",
				"${BUILT_PRODUCTS_DIR}/gRPC-RxLibrary/RxLibrary.framework",
				"${BUILT_PRODUCTS_DIR}/leveldb-library/leveldb.framework",
				"${BUILT_PRODUCTS_DIR}/nanopb/nanopb.framework",
			);
			name = "[CP] Embed Pods Frameworks";
			outputFileListPaths = (
			);
			outputPaths = (
				"${TARGET_BUILD_DIR}/${FRAMEWORKS_FOLDER_PATH}/openssl.framework",
				"${TARGET_BUILD_DIR}/${FRAMEWORKS_FOLDER_PATH}/GTMSessionFetcher.framework",
				"${TARGET_BUILD_DIR}/${FRAMEWORKS_FOLDER_PATH}/GoogleUtilities.framework",
				"${TARGET_BUILD_DIR}/${FRAMEWORKS_FOLDER_PATH}/NVActivityIndicatorView.framework",
				"${TARGET_BUILD_DIR}/${FRAMEWORKS_FOLDER_PATH}/Protobuf.framework",
				"${TARGET_BUILD_DIR}/${FRAMEWORKS_FOLDER_PATH}/SpreadsheetView.framework",
				"${TARGET_BUILD_DIR}/${FRAMEWORKS_FOLDER_PATH}/GRPCClient.framework",
				"${TARGET_BUILD_DIR}/${FRAMEWORKS_FOLDER_PATH}/grpcpp.framework",
				"${TARGET_BUILD_DIR}/${FRAMEWORKS_FOLDER_PATH}/grpc.framework",
				"${TARGET_BUILD_DIR}/${FRAMEWORKS_FOLDER_PATH}/ProtoRPC.framework",
				"${TARGET_BUILD_DIR}/${FRAMEWORKS_FOLDER_PATH}/RxLibrary.framework",
				"${TARGET_BUILD_DIR}/${FRAMEWORKS_FOLDER_PATH}/leveldb.framework",
				"${TARGET_BUILD_DIR}/${FRAMEWORKS_FOLDER_PATH}/nanopb.framework",
			);
			runOnlyForDeploymentPostprocessing = 0;
			shellPath = /bin/sh;
			shellScript = "\"${SRCROOT}/Pods/Target Support Files/Pods-StreetFighterV/Pods-StreetFighterV-frameworks.sh\"\n";
			showEnvVarsInLog = 0;
		};
		E7F51F6503F85F339361C3E0AC83E346 /* GoogleService-Info.plist */ = {
			isa = PBXShellScriptBuildPhase;
			buildActionMask = 2147483647;
			files = (
			);
			inputFileListPaths = (
			);
			inputPaths = (
			);
			name = "GoogleService-Info.plist";
			outputFileListPaths = (
			);
			outputPaths = (
			);
			runOnlyForDeploymentPostprocessing = 0;
			shellPath = /bin/sh;
			shellScript = "if [ \"${CONFIGURATION}\" = \"Debug\" ]; then\n  cp \"${SRCROOT}/StreetFighterV/Resources/GoogleService/GoogleService-Info.Debug.plist\" \"${SRCROOT}/StreetFighterV/Resources/GoogleService/GoogleService-Info.plist\"\n  echo \"Debug GoogleService-Info.plist\"\nelse\n  cp \"${SRCROOT}/StreetFighterV/Resources/GoogleService/GoogleService-Info.Release.plist\" \"${SRCROOT}/StreetFighterV/Resources/GoogleService/GoogleService-Info.plist\"\n  echo \"Release GoogleService-Info.plist\"\nfi\n";
		};
/* End PBXShellScriptBuildPhase section */

/* Begin PBXSourcesBuildPhase section */
		F6307C6425EAD101F49C8E89EDF69360 /* Sources */ = {
			isa = PBXSourcesBuildPhase;
			buildActionMask = 2147483647;
			files = (
				E5641FEE75EA33B43043AEE56DEAF0A0 /* AppDelegate.swift in Sources */,
				8674E1029B7773276E40AD2A37D138B7 /* ChangeSetCell.swift in Sources */,
				CCD96AAB02682753AEDC4BF21C81C451 /* Character.swift in Sources */,
				5B708C787F6A2D2D34E0BEE26FCD4505 /* CharacterAction.swift in Sources */,
				03B88D483B05A376A62AE4B9511FA919 /* CharacterCell.swift in Sources */,
				8E015A39A27034F68980994642359671 /* CharacterStore.swift in Sources */,
				E532AEDBC798C8576B1993D9BAC52BA0 /* CharacterViewController.swift in Sources */,
				B9D8E5ECB9A09037FAA582B75707348C /* CharacterViewDataSource.swift in Sources */,
				B2B72E993B8CBC822159E5ED761B154B /* CharacterViewModel.swift in Sources */,
				F9B03BEED3F2271B92DB37145BA43A8A /* CollectionExtension.swift in Sources */,
				2AF655593B20F2A6CEAB85C3DA841DFE /* Color.swift in Sources */,
				12A0539C1B9C290F80FB6AB3251B0D13 /* FirebaseAction.swift in Sources */,
				545685C7E62B0F3C967061EA243D94B0 /* FrameCell.swift in Sources */,
				CA1B0B076600034EA80B832A41C3E27F /* FrameCellItem.swift in Sources */,
				03B75C64DD296F65D413F632EB5A0716 /* FrameViewController.swift in Sources */,
				E6D437F96E7AFBF68BE075D3DD414EC2 /* FrameViewDataSource.swift in Sources */,
				942B9FA9BF082FD871037286C7F3B01B /* FrameViewModel.swift in Sources */,
				860BA007683B67594F8DC3C5835A1424 /* ImageAssets.swift in Sources */,
				AE0351B8750B185A96A7CD6585A59680 /* LanguageCode.swift in Sources */,
				3AADA9F2385CE8267B075AA5B4F53160 /* Localized.swift in Sources */,
				46BAF9C5828B5933857DE9F0FB730E41 /* Logger.swift in Sources */,
				FA689BE8C80972ABF62D8F3B95595AF4 /* Move.swift in Sources */,
				7AD54EC46769637717CAC5F9B48ED4A9 /* SelectionAction.swift in Sources */,
				54A93C35D764A6D307CB6D6802122FAC /* SelectionStore.swift in Sources */,
				808EFA74F2DE737542A1A0214C790DF4 /* SequenceExtension.swift in Sources */,
				924C9C653F6B826DBE40032E8B9EDA09 /* Set.swift in Sources */,
				C90210C3AAEA2E39AF831FBC4A10EB48 /* SplashViewController.swift in Sources */,
				89B4BE532929185C0A31E547359E4454 /* SplashViewModel.swift in Sources */,
				7961622CB40922C832ED565D8F9EC93F /* UIColorExtension.swift in Sources */,
			);
			runOnlyForDeploymentPostprocessing = 0;
		};
/* End PBXSourcesBuildPhase section */

/* Begin PBXVariantGroup section */
		5362ECAB09CDAED6E12BB7DC4AEBA967 /* Localizable.strings */ = {
			isa = PBXVariantGroup;
			children = (
				62A76360FED3FF8BA58D3B9F6A3AA8F7 /* en */,
				F3E7B5B2DEC74B4DD0E68D3D0746A7D6 /* ja */,
			);
			name = Localizable.strings;
			sourceTree = "<group>";
		};
		65ECE08A49B72B7C558ADCFA4102E7C4 /* Main.storyboard */ = {
			isa = PBXVariantGroup;
			children = (
				43D8D8EBC4FADFFB60BB63DBA919D1BA /* Base */,
			);
			name = Main.storyboard;
			sourceTree = "<group>";
		};
/* End PBXVariantGroup section */

/* Begin XCBuildConfiguration section */
		A33EEC755853D1CF270565EBA932B592 /* Debug */ = {
			isa = XCBuildConfiguration;
			buildSettings = {
				ALWAYS_SEARCH_USER_PATHS = NO;
				CLANG_ANALYZER_NONNULL = YES;
				CLANG_ANALYZER_NUMBER_OBJECT_CONVERSION = YES_AGGRESSIVE;
				CLANG_CXX_LANGUAGE_STANDARD = "gnu++14";
				CLANG_CXX_LIBRARY = "libc++";
				CLANG_ENABLE_MODULES = YES;
				CLANG_ENABLE_OBJC_ARC = YES;
				CLANG_WARN_BLOCK_CAPTURE_AUTORELEASING = YES;
				CLANG_WARN_BOOL_CONVERSION = YES;
				CLANG_WARN_COMMA = YES;
				CLANG_WARN_CONSTANT_CONVERSION = YES;
				CLANG_WARN_DEPRECATED_OBJC_IMPLEMENTATIONS = YES;
				CLANG_WARN_DIRECT_OBJC_ISA_USAGE = YES_ERROR;
				CLANG_WARN_DOCUMENTATION_COMMENTS = YES;
				CLANG_WARN_EMPTY_BODY = YES;
				CLANG_WARN_ENUM_CONVERSION = YES;
				CLANG_WARN_INFINITE_RECURSION = YES;
				CLANG_WARN_INT_CONVERSION = YES;
				CLANG_WARN_NON_LITERAL_NULL_CONVERSION = YES;
				CLANG_WARN_OBJC_IMPLICIT_RETAIN_SELF = YES;
				CLANG_WARN_OBJC_LITERAL_CONVERSION = YES;
				CLANG_WARN_OBJC_ROOT_CLASS = YES_ERROR;
				CLANG_WARN_RANGE_LOOP_ANALYSIS = YES;
				CLANG_WARN_STRICT_PROTOTYPES = YES;
				CLANG_WARN_SUSPICIOUS_MOVE = YES;
				CLANG_WARN_UNGUARDED_AVAILABILITY = YES_AGGRESSIVE;
				CLANG_WARN_UNREACHABLE_CODE = YES;
				CLANG_WARN__DUPLICATE_METHOD_MATCH = YES;
				COPY_PHASE_STRIP = NO;
				DEBUG_INFORMATION_FORMAT = dwarf;
				ENABLE_STRICT_OBJC_MSGSEND = YES;
				ENABLE_TESTABILITY = YES;
				GCC_C_LANGUAGE_STANDARD = gnu11;
				GCC_DYNAMIC_NO_PIC = NO;
				GCC_NO_COMMON_BLOCKS = YES;
				GCC_OPTIMIZATION_LEVEL = 0;
				GCC_PREPROCESSOR_DEFINITIONS = (
					"$(inherited)",
					"DEBUG=1",
				);
				GCC_WARN_64_TO_32_BIT_CONVERSION = YES;
				GCC_WARN_ABOUT_RETURN_TYPE = YES_ERROR;
				GCC_WARN_UNDECLARED_SELECTOR = YES;
				GCC_WARN_UNINITIALIZED_AUTOS = YES_AGGRESSIVE;
				GCC_WARN_UNUSED_FUNCTION = YES;
				GCC_WARN_UNUSED_VARIABLE = YES;
				MTL_ENABLE_DEBUG_INFO = YES;
				ONLY_ACTIVE_ARCH = YES;
				PRODUCT_NAME = "$(TARGET_NAME)";
				SDKROOT = iphoneos;
				SWIFT_ACTIVE_COMPILATION_CONDITIONS = DEBUG;
				SWIFT_OPTIMIZATION_LEVEL = "-Onone";
				SWIFT_VERSION = 5.0;
			};
			name = Debug;
		};
		C1707DF4550A99AA2C7A017276840047 /* Debug */ = {
			isa = XCBuildConfiguration;
			baseConfigurationReference = EDAF4B88B67269494E57D8448F6DC9B6 /* Config.Debug.xcconfig */;
			buildSettings = {
				CODE_SIGN_IDENTITY = "iPhone Developer";
				SDKROOT = iphoneos;
			};
			name = Debug;
		};
		CF004645DB00C6DA7900A9D6C0A92B79 /* Release */ = {
			isa = XCBuildConfiguration;
			buildSettings = {
				ALWAYS_SEARCH_USER_PATHS = NO;
				CLANG_ANALYZER_NONNULL = YES;
				CLANG_ANALYZER_NUMBER_OBJECT_CONVERSION = YES_AGGRESSIVE;
				CLANG_CXX_LANGUAGE_STANDARD = "gnu++14";
				CLANG_CXX_LIBRARY = "libc++";
				CLANG_ENABLE_MODULES = YES;
				CLANG_ENABLE_OBJC_ARC = YES;
				CLANG_WARN_BLOCK_CAPTURE_AUTORELEASING = YES;
				CLANG_WARN_BOOL_CONVERSION = YES;
				CLANG_WARN_COMMA = YES;
				CLANG_WARN_CONSTANT_CONVERSION = YES;
				CLANG_WARN_DEPRECATED_OBJC_IMPLEMENTATIONS = YES;
				CLANG_WARN_DIRECT_OBJC_ISA_USAGE = YES_ERROR;
				CLANG_WARN_DOCUMENTATION_COMMENTS = YES;
				CLANG_WARN_EMPTY_BODY = YES;
				CLANG_WARN_ENUM_CONVERSION = YES;
				CLANG_WARN_INFINITE_RECURSION = YES;
				CLANG_WARN_INT_CONVERSION = YES;
				CLANG_WARN_NON_LITERAL_NULL_CONVERSION = YES;
				CLANG_WARN_OBJC_IMPLICIT_RETAIN_SELF = YES;
				CLANG_WARN_OBJC_LITERAL_CONVERSION = YES;
				CLANG_WARN_OBJC_ROOT_CLASS = YES_ERROR;
				CLANG_WARN_RANGE_LOOP_ANALYSIS = YES;
				CLANG_WARN_STRICT_PROTOTYPES = YES;
				CLANG_WARN_SUSPICIOUS_MOVE = YES;
				CLANG_WARN_UNGUARDED_AVAILABILITY = YES_AGGRESSIVE;
				CLANG_WARN_UNREACHABLE_CODE = YES;
				CLANG_WARN__DUPLICATE_METHOD_MATCH = YES;
				COPY_PHASE_STRIP = NO;
				DEBUG_INFORMATION_FORMAT = "dwarf-with-dsym";
				ENABLE_NS_ASSERTIONS = NO;
				ENABLE_STRICT_OBJC_MSGSEND = YES;
				GCC_C_LANGUAGE_STANDARD = gnu11;
				GCC_NO_COMMON_BLOCKS = YES;
				GCC_WARN_64_TO_32_BIT_CONVERSION = YES;
				GCC_WARN_ABOUT_RETURN_TYPE = YES_ERROR;
				GCC_WARN_UNDECLARED_SELECTOR = YES;
				GCC_WARN_UNINITIALIZED_AUTOS = YES_AGGRESSIVE;
				GCC_WARN_UNUSED_FUNCTION = YES;
				GCC_WARN_UNUSED_VARIABLE = YES;
				PRODUCT_NAME = "$(TARGET_NAME)";
				SDKROOT = iphoneos;
				SWIFT_COMPILATION_MODE = wholemodule;
				SWIFT_VERSION = 5.0;
				VALIDATE_PRODUCT = YES;
			};
			name = Release;
		};
		F7B3C071E9A0A920B7A56D470F193D2D /* Release */ = {
			isa = XCBuildConfiguration;
			baseConfigurationReference = 16DB0F7C8F5917BBBADA6B89A5F20625 /* Config.Release.xcconfig */;
			buildSettings = {
				CODE_SIGN_IDENTITY = "iPhone Developer";
				SDKROOT = iphoneos;
			};
			name = Release;
		};
/* End XCBuildConfiguration section */

/* Begin XCConfigurationList section */
		0CE2F063FC9F659423EA7BCA3E2AB669 /* Build configuration list for PBXNativeTarget "StreetFighterV" */ = {
			isa = XCConfigurationList;
			buildConfigurations = (
				C1707DF4550A99AA2C7A017276840047 /* Debug */,
				F7B3C071E9A0A920B7A56D470F193D2D /* Release */,
			);
			defaultConfigurationIsVisible = 0;
			defaultConfigurationName = "";
		};
		E3C6778D9BD5607F2399188942047FB3 /* Build configuration list for PBXProject "StreetFighterV" */ = {
			isa = XCConfigurationList;
			buildConfigurations = (
				A33EEC755853D1CF270565EBA932B592 /* Debug */,
				CF004645DB00C6DA7900A9D6C0A92B79 /* Release */,
			);
			defaultConfigurationIsVisible = 0;
			defaultConfigurationName = Debug;
		};
/* End XCConfigurationList section */
	};
	rootObject = C906A3F438C69D2FA9447AA9B468FFED /* Project object */;
}
